{
  "version": 2,
  "dependencies": {
    ".NETFramework,Version=v4.8": {
      "Microsoft.CodeAnalysis.NetAnalyzers": {
        "type": "Direct",
        "requested": "[10.0.302, 10.0.302]",
        "resolved": "10.0.302",
        "contentHash": "mbJSf5EOYkgnPQ0jO0qo4AByQYDGbBZDs0+23xdkK2ckuvYJGlPT1nPR0WCSnzwXdiVypOTZ4ArcT4H/X/f1mQ=="
      },
      "outlookclassicmcp.core": {
        "type": "Project"
      }
    }
  }
}